// !$*UTF8*$!
{
	archiveVersion = 1;
	classes = {
	};
	objectVersion = 48;
	objects = {

/* Begin PBXBuildFile section */
		BE5B987420A2F41B00E61A79 /* AppDelegate.m in Sources */ = {isa = PBXBuildFile; fileRef = BE5B987320A2F41B00E61A79 /* AppDelegate.m */; };
		BE5B987720A2F41B00E61A79 /* ViewController.m in Sources */ = {isa = PBXBuildFile; fileRef = BE5B987620A2F41B00E61A79 /* ViewController.m */; };
		BE5B987A20A2F41B00E61A79 /* Main.storyboard in Resources */ = {isa = PBXBuildFile; fileRef = BE5B987820A2F41B00E61A79 /* Main.storyboard */; };
		BE5B987C20A2F41B00E61A79 /* Assets.xcassets in Resources */ = {isa = PBXBuildFile; fileRef = BE5B987B20A2F41B00E61A79 /* Assets.xcassets */; };
		BE5B987F20A2F41B00E61A79 /* LaunchScreen.storyboard in Resources */ = {isa = PBXBuildFile; fileRef = BE5B987D20A2F41B00E61A79 /* LaunchScreen.storyboard */; };
		BE5B988220A2F41B00E61A79 /* main.m in Sources */ = {isa = PBXBuildFile; fileRef = BE5B988120A2F41B00E61A79 /* main.m */; };
		BE5B988C20A2F41B00E61A79 /* CircularTimerTests.m in Sources */ = {isa = PBXBuildFile; fileRef = BE5B988B20A2F41B00E61A79 /* CircularTimerTests.m */; };
		BE5B989720A2F41B00E61A79 /* CircularTimerUITests.m in Sources */ = {isa = PBXBuildFile; fileRef = BE5B989620A2F41B00E61A79 /* CircularTimerUITests.m */; };
		BE99EA0820A2F4EB00E6B2A8 /* FCAnimationView.m in Sources */ = {isa = PBXBuildFile; fileRef = BE99EA0720A2F4EB00E6B2A8 /* FCAnimationView.m */; };
		BE99EA1120A2F8B600E6B2A8 /* KDCircularProgress.swift in Sources */ = {isa = PBXBuildFile; fileRef = BE99EA0F20A2F8B600E6B2A8 /* KDCircularProgress.swift */; };
		BE99EA1420A303DF00E6B2A8 /* FCDrawingView.m in Sources */ = {isa = PBXBuildFile; fileRef = BE99EA1320A303DF00E6B2A8 /* FCDrawingView.m */; };
		BE99EA1720A324C800E6B2A8 /* LineViewAnimation.m in Sources */ = {isa = PBXBuildFile; fileRef = BE99EA1620A324C800E6B2A8 /* LineViewAnimation.m */; };
/* End PBXBuildFile section */

/* Begin PBXContainerItemProxy section */
		BE5B988820A2F41B00E61A79 /* PBXContainerItemProxy */ = {
			isa = PBXContainerItemProxy;
			containerPortal = BE5B986720A2F41B00E61A79 /* Project object */;
			proxyType = 1;
			remoteGlobalIDString = BE5B986E20A2F41B00E61A79;
			remoteInfo = CircularTimer;
		};
		BE5B989320A2F41B00E61A79 /* PBXContainerItemProxy */ = {
			isa = PBXContainerItemProxy;
			containerPortal = BE5B986720A2F41B00E61A79 /* Project object */;
			proxyType = 1;
			remoteGlobalIDString = BE5B986E20A2F41B00E61A79;
			remoteInfo = CircularTimer;
		};
/* End PBXContainerItemProxy section */

/* Begin PBXFileReference section */
		BE5B986F20A2F41B00E61A79 /* CircularTimer.app */ = {isa = PBXFileReference; explicitFileType = wrapper.application; includeInIndex = 0; path = CircularTimer.app; sourceTree = BUILT_PRODUCTS_DIR; };
		BE5B987220A2F41B00E61A79 /* AppDelegate.h */ = {isa = PBXFileReference; lastKnownFileType = sourcecode.c.h; path = AppDelegate.h; sourceTree = "<group>"; };
		BE5B987320A2F41B00E61A79 /* AppDelegate.m */ = {isa = PBXFileReference; lastKnownFileType = sourcecode.c.objc; path = AppDelegate.m; sourceTree = "<group>"; };
		BE5B987520A2F41B00E61A79 /* ViewController.h */ = {isa = PBXFileReference; lastKnownFileType = sourcecode.c.h; path = ViewController.h; sourceTree = "<group>"; };
		BE5B987620A2F41B00E61A79 /* ViewController.m */ = {isa = PBXFileReference; lastKnownFileType = sourcecode.c.objc; path = ViewController.m; sourceTree = "<group>"; };
		BE5B987920A2F41B00E61A79 /* Base */ = {isa = PBXFileReference; lastKnownFileType = file.storyboard; name = Base; path = Base.lproj/Main.storyboard; sourceTree = "<group>"; };
		BE5B987B20A2F41B00E61A79 /* Assets.xcassets */ = {isa = PBXFileReference; lastKnownFileType = folder.assetcatalog; path = Assets.xcassets; sourceTree = "<group>"; };
		BE5B987E20A2F41B00E61A79 /* Base */ = {isa = PBXFileReference; lastKnownFileType = file.storyboard; name = Base; path = Base.lproj/LaunchScreen.storyboard; sourceTree = "<group>"; };
		BE5B988020A2F41B00E61A79 /* Info.plist */ = {isa = PBXFileReference; lastKnownFileType = text.plist.xml; path = Info.plist; sourceTree = "<group>"; };
		BE5B988120A2F41B00E61A79 /* main.m */ = {isa = PBXFileReference; lastKnownFileType = sourcecode.c.objc; path = main.m; sourceTree = "<group>"; };
		BE5B988720A2F41B00E61A79 /* CircularTimerTests.xctest */ = {isa = PBXFileReference; explicitFileType = wrapper.cfbundle; includeInIndex = 0; path = CircularTimerTests.xctest; sourceTree = BUILT_PRODUCTS_DIR; };
		BE5B988B20A2F41B00E61A79 /* CircularTimerTests.m */ = {isa = PBXFileReference; lastKnownFileType = sourcecode.c.objc; path = CircularTimerTests.m; sourceTree = "<group>"; };
		BE5B988D20A2F41B00E61A79 /* Info.plist */ = {isa = PBXFileReference; lastKnownFileType = text.plist.xml; path = Info.plist; sourceTree = "<group>"; };
		BE5B989220A2F41B00E61A79 /* CircularTimerUITests.xctest */ = {isa = PBXFileReference; explicitFileType = wrapper.cfbundle; includeInIndex = 0; path = CircularTimerUITests.xctest; sourceTree = BUILT_PRODUCTS_DIR; };
		BE5B989620A2F41B00E61A79 /* CircularTimerUITests.m */ = {isa = PBXFileReference; lastKnownFileType = sourcecode.c.objc; path = CircularTimerUITests.m; sourceTree = "<group>"; };
		BE5B989820A2F41B00E61A79 /* Info.plist */ = {isa = PBXFileReference; lastKnownFileType = text.plist.xml; path = Info.plist; sourceTree = "<group>"; };
		BE99EA0620A2F4EB00E6B2A8 /* FCAnimationView.h */ = {isa = PBXFileReference; lastKnownFileType = sourcecode.c.h; path = FCAnimationView.h; sourceTree = "<group>"; };
		BE99EA0720A2F4EB00E6B2A8 /* FCAnimationView.m */ = {isa = PBXFileReference; lastKnownFileType = sourcecode.c.objc; path = FCAnimationView.m; sourceTree = "<group>"; };
		BE99EA0E20A2F8B500E6B2A8 /* CircularTimer-Bridging-Header.h */ = {isa = PBXFileReference; lastKnownFileType = sourcecode.c.h; path = "CircularTimer-Bridging-Header.h"; sourceTree = "<group>"; };
		BE99EA0F20A2F8B600E6B2A8 /* KDCircularProgress.swift */ = {isa = PBXFileReference; fileEncoding = 4; lastKnownFileType = sourcecode.swift; path = KDCircularProgress.swift; sourceTree = "<group>"; };
		BE99EA1020A2F8B600E6B2A8 /* KDCircularProgress.h */ = {isa = PBXFileReference; fileEncoding = 4; lastKnownFileType = sourcecode.c.h; path = KDCircularProgress.h; sourceTree = "<group>"; };
		BE99EA1220A303DF00E6B2A8 /* FCDrawingView.h */ = {isa = PBXFileReference; lastKnownFileType = sourcecode.c.h; path = FCDrawingView.h; sourceTree = "<group>"; };
		BE99EA1320A303DF00E6B2A8 /* FCDrawingView.m */ = {isa = PBXFileReference; lastKnownFileType = sourcecode.c.objc; path = FCDrawingView.m; sourceTree = "<group>"; };
		BE99EA1520A324C800E6B2A8 /* LineViewAnimation.h */ = {isa = PBXFileReference; lastKnownFileType = sourcecode.c.h; path = LineViewAnimation.h; sourceTree = "<group>"; };
		BE99EA1620A324C800E6B2A8 /* LineViewAnimation.m */ = {isa = PBXFileReference; lastKnownFileType = sourcecode.c.objc; path = LineViewAnimation.m; sourceTree = "<group>"; };
/* End PBXFileReference section */

/* Begin PBXFrameworksBuildPhase section */
		BE5B986C20A2F41B00E61A79 /* Frameworks */ = {
			isa = PBXFrameworksBuildPhase;
			buildActionMask = 2147483647;
			files = (
			);
			runOnlyForDeploymentPostprocessing = 0;
		};
		BE5B988420A2F41B00E61A79 /* Frameworks */ = {
			isa = PBXFrameworksBuildPhase;
			buildActionMask = 2147483647;
			files = (
			);
			runOnlyForDeploymentPostprocessing = 0;
		};
		BE5B988F20A2F41B00E61A79 /* Frameworks */ = {
			isa = PBXFrameworksBuildPhase;
			buildActionMask = 2147483647;
			files = (
			);
			runOnlyForDeploymentPostprocessing = 0;
		};
/* End PBXFrameworksBuildPhase section */

/* Begin PBXGroup section */
		BE5B986620A2F41B00E61A79 = {
			isa = PBXGroup;
			children = (
				BE5B987120A2F41B00E61A79 /* CircularTimer */,
				BE5B988A20A2F41B00E61A79 /* CircularTimerTests */,
				BE5B989520A2F41B00E61A79 /* CircularTimerUITests */,
				BE5B987020A2F41B00E61A79 /* Products */,
			);
			sourceTree = "<group>";
		};
		BE5B987020A2F41B00E61A79 /* Products */ = {
			isa = PBXGroup;
			children = (
				BE5B986F20A2F41B00E61A79 /* CircularTimer.app */,
				BE5B988720A2F41B00E61A79 /* CircularTimerTests.xctest */,
				BE5B989220A2F41B00E61A79 /* CircularTimerUITests.xctest */,
			);
			name = Products;
			sourceTree = "<group>";
		};
		BE5B987120A2F41B00E61A79 /* CircularTimer */ = {
			isa = PBXGroup;
			children = (
				BE99EA0520A2F4D100E6B2A8 /* AnimationView */,
				BE5B987220A2F41B00E61A79 /* AppDelegate.h */,
				BE5B987320A2F41B00E61A79 /* AppDelegate.m */,
				BE5B987520A2F41B00E61A79 /* ViewController.h */,
				BE5B987620A2F41B00E61A79 /* ViewController.m */,
				BE5B987820A2F41B00E61A79 /* Main.storyboard */,
				BE5B987B20A2F41B00E61A79 /* Assets.xcassets */,
				BE5B987D20A2F41B00E61A79 /* LaunchScreen.storyboard */,
				BE5B988020A2F41B00E61A79 /* Info.plist */,
				BE5B988120A2F41B00E61A79 /* main.m */,
			);
			path = CircularTimer;
			sourceTree = "<group>";
		};
		BE5B988A20A2F41B00E61A79 /* CircularTimerTests */ = {
			isa = PBXGroup;
			children = (
				BE5B988B20A2F41B00E61A79 /* CircularTimerTests.m */,
				BE5B988D20A2F41B00E61A79 /* Info.plist */,
			);
			path = CircularTimerTests;
			sourceTree = "<group>";
		};
		BE5B989520A2F41B00E61A79 /* CircularTimerUITests */ = {
			isa = PBXGroup;
			children = (
				BE5B989620A2F41B00E61A79 /* CircularTimerUITests.m */,
				BE5B989820A2F41B00E61A79 /* Info.plist */,
			);
			path = CircularTimerUITests;
			sourceTree = "<group>";
		};
		BE99EA0520A2F4D100E6B2A8 /* AnimationView */ = {
			isa = PBXGroup;
			children = (
				BE99EA1020A2F8B600E6B2A8 /* KDCircularProgress.h */,
				BE99EA0F20A2F8B600E6B2A8 /* KDCircularProgress.swift */,
				BE99EA0620A2F4EB00E6B2A8 /* FCAnimationView.h */,
				BE99EA0720A2F4EB00E6B2A8 /* FCAnimationView.m */,
				BE99EA0E20A2F8B500E6B2A8 /* CircularTimer-Bridging-Header.h */,
				BE99EA1220A303DF00E6B2A8 /* FCDrawingView.h */,
				BE99EA1320A303DF00E6B2A8 /* FCDrawingView.m */,
				BE99EA1520A324C800E6B2A8 /* LineViewAnimation.h */,
				BE99EA1620A324C800E6B2A8 /* LineViewAnimation.m */,
			);
			path = AnimationView;
			sourceTree = "<group>";
		};
/* End PBXGroup section */

/* Begin PBXNativeTarget section */
		BE5B986E20A2F41B00E61A79 /* CircularTimer */ = {
			isa = PBXNativeTarget;
			buildConfigurationList = BE5B989B20A2F41B00E61A79 /* Build configuration list for PBXNativeTarget "CircularTimer" */;
			buildPhases = (
				BE5B986B20A2F41B00E61A79 /* Sources */,
				BE5B986C20A2F41B00E61A79 /* Frameworks */,
				BE5B986D20A2F41B00E61A79 /* Resources */,
			);
			buildRules = (
			);
			dependencies = (
			);
			name = CircularTimer;
			productName = CircularTimer;
			productReference = BE5B986F20A2F41B00E61A79 /* CircularTimer.app */;
			productType = "com.apple.product-type.application";
		};
		BE5B988620A2F41B00E61A79 /* CircularTimerTests */ = {
			isa = PBXNativeTarget;
			buildConfigurationList = BE5B989E20A2F41B00E61A79 /* Build configuration list for PBXNativeTarget "CircularTimerTests" */;
			buildPhases = (
				BE5B988320A2F41B00E61A79 /* Sources */,
				BE5B988420A2F41B00E61A79 /* Frameworks */,
				BE5B988520A2F41B00E61A79 /* Resources */,
			);
			buildRules = (
			);
			dependencies = (
				BE5B988920A2F41B00E61A79 /* PBXTargetDependency */,
			);
			name = CircularTimerTests;
			productName = CircularTimerTests;
			productReference = BE5B988720A2F41B00E61A79 /* CircularTimerTests.xctest */;
			productType = "com.apple.product-type.bundle.unit-test";
		};
		BE5B989120A2F41B00E61A79 /* CircularTimerUITests */ = {
			isa = PBXNativeTarget;
			buildConfigurationList = BE5B98A120A2F41B00E61A79 /* Build configuration list for PBXNativeTarget "CircularTimerUITests" */;
			buildPhases = (
				BE5B988E20A2F41B00E61A79 /* Sources */,
				BE5B988F20A2F41B00E61A79 /* Frameworks */,
				BE5B989020A2F41B00E61A79 /* Resources */,
			);
			buildRules = (
			);
			dependencies = (
				BE5B989420A2F41B00E61A79 /* PBXTargetDependency */,
			);
			name = CircularTimerUITests;
			productName = CircularTimerUITests;
			productReference = BE5B989220A2F41B00E61A79 /* CircularTimerUITests.xctest */;
			productType = "com.apple.product-type.bundle.ui-testing";
		};
/* End PBXNativeTarget section */

/* Begin PBXProject section */
		BE5B986720A2F41B00E61A79 /* Project object */ = {
			isa = PBXProject;
			attributes = {
				LastUpgradeCheck = 0920;
				ORGANIZATIONNAME = "Mostafizur Rahman";
				TargetAttributes = {
					BE5B986E20A2F41B00E61A79 = {
						CreatedOnToolsVersion = 9.2;
						LastSwiftMigration = 0920;
						ProvisioningStyle = Automatic;
					};
					BE5B988620A2F41B00E61A79 = {
						CreatedOnToolsVersion = 9.2;
						ProvisioningStyle = Automatic;
						TestTargetID = BE5B986E20A2F41B00E61A79;
					};
					BE5B989120A2F41B00E61A79 = {
						CreatedOnToolsVersion = 9.2;
						ProvisioningStyle = Automatic;
						TestTargetID = BE5B986E20A2F41B00E61A79;
					};
				};
			};
			buildConfigurationList = BE5B986A20A2F41B00E61A79 /* Build configuration list for PBXProject "CircularTimer" */;
			compatibilityVersion = "Xcode 8.0";
			developmentRegion = en;
			hasScannedForEncodings = 0;
			knownRegions = (
				en,
				Base,
			);
			mainGroup = BE5B986620A2F41B00E61A79;
			productRefGroup = BE5B987020A2F41B00E61A79 /* Products */;
			projectDirPath = "";
			projectRoot = "";
			targets = (
				BE5B986E20A2F41B00E61A79 /* CircularTimer */,
				BE5B988620A2F41B00E61A79 /* CircularTimerTests */,
				BE5B989120A2F41B00E61A79 /* CircularTimerUITests */,
			);
		};
/* End PBXProject section */

/* Begin PBXResourcesBuildPhase section */
		BE5B986D20A2F41B00E61A79 /* Resources */ = {
			isa = PBXResourcesBuildPhase;
			buildActionMask = 2147483647;
			files = (
				BE5B987F20A2F41B00E61A79 /* LaunchScreen.storyboard in Resources */,
				BE5B987C20A2F41B00E61A79 /* Assets.xcassets in Resources */,
				BE5B987A20A2F41B00E61A79 /* Main.storyboard in Resources */,
			);
			runOnlyForDeploymentPostprocessing = 0;
		};
		BE5B988520A2F41B00E61A79 /* Resources */ = {
			isa = PBXResourcesBuildPhase;
			buildActionMask = 2147483647;
			files = (
			);
			runOnlyForDeploymentPostprocessing = 0;
		};
		BE5B989020A2F41B00E61A79 /* Resources */ = {
			isa = PBXResourcesBuildPhase;
			buildActionMask = 2147483647;
			files = (
			);
			runOnlyForDeploymentPostprocessing = 0;
		};
/* End PBXResourcesBuildPhase section */

/* Begin PBXSourcesBuildPhase section */
		BE5B986B20A2F41B00E61A79 /* Sources */ = {
			isa = PBXSourcesBuildPhase;
			buildActionMask = 2147483647;
			files = (
				BE99EA0820A2F4EB00E6B2A8 /* FCAnimationView.m in Sources */,
				BE99EA1720A324C800E6B2A8 /* LineViewAnimation.m in Sources */,
				BE99EA1120A2F8B600E6B2A8 /* KDCircularProgress.swift in Sources */,
				BE5B987720A2F41B00E61A79 /* ViewController.m in Sources */,
				BE5B988220A2F41B00E61A79 /* main.m in Sources */,
				BE99EA1420A303DF00E6B2A8 /* FCDrawingView.m in Sources */,
				BE5B987420A2F41B00E61A79 /* AppDelegate.m in Sources */,
			);
			runOnlyForDeploymentPostprocessing = 0;
		};
		BE5B988320A2F41B00E61A79 /* Sources */ = {
			isa = PBXSourcesBuildPhase;
			buildActionMask = 2147483647;
			files = (
				BE5B988C20A2F41B00E61A79 /* CircularTimerTests.m in Sources */,
			);
			runOnlyForDeploymentPostprocessing = 0;
		};
		BE5B988E20A2F41B00E61A79 /* Sources */ = {
			isa = PBXSourcesBuildPhase;
			buildActionMask = 2147483647;
			files = (
				BE5B989720A2F41B00E61A79 /* CircularTimerUITests.m in Sources */,
			);
			runOnlyForDeploymentPostprocessing = 0;
		};
/* End PBXSourcesBuildPhase section */

/* Begin PBXTargetDependency section */
		BE5B988920A2F41B00E61A79 /* PBXTargetDependency */ = {
			isa = PBXTargetDependency;
			target = BE5B986E20A2F41B00E61A79 /* CircularTimer */;
			targetProxy = BE5B988820A2F41B00E61A79 /* PBXContainerItemProxy */;
		};
		BE5B989420A2F41B00E61A79 /* PBXTargetDependency */ = {
			isa = PBXTargetDependency;
			target = BE5B986E20A2F41B00E61A79 /* CircularTimer */;
			targetProxy = BE5B989320A2F41B00E61A79 /* PBXContainerItemProxy */;
		};
/* End PBXTargetDependency section */

/* Begin PBXVariantGroup section */
		BE5B987820A2F41B00E61A79 /* Main.storyboard */ = {
			isa = PBXVariantGroup;
			children = (
				BE5B987920A2F41B00E61A79 /* Base */,
			);
			name = Main.storyboard;
			sourceTree = "<group>";
		};
		BE5B987D20A2F41B00E61A79 /* LaunchScreen.storyboard */ = {
			isa = PBXVariantGroup;
			children = (
				BE5B987E20A2F41B00E61A79 /* Base */,
			);
			name = LaunchScreen.storyboard;
			sourceTree = "<group>";
		};
/* End PBXVariantGroup section */

/* Begin XCBuildConfiguration section */
		BE5B989920A2F41B00E61A79 /* Debug */ = {
			isa = XCBuildConfiguration;
			buildSettings = {
				ALWAYS_SEARCH_USER_PATHS = NO;
				CLANG_ANALYZER_NONNULL = YES;
				CLANG_ANALYZER_NUMBER_OBJECT_CONVERSION = YES_AGGRESSIVE;
				CLANG_CXX_LANGUAGE_STANDARD = "gnu++14";
				CLANG_CXX_LIBRARY = "libc++";
				CLANG_ENABLE_MODULES = YES;
				CLANG_ENABLE_OBJC_ARC = YES;
				CLANG_WARN_BLOCK_CAPTURE_AUTORELEASING = YES;
				CLANG_WARN_BOOL_CONVERSION = YES;
				CLANG_WARN_COMMA = YES;
				CLANG_WARN_CONSTANT_CONVERSION = YES;
				CLANG_WARN_DIRECT_OBJC_ISA_USAGE = YES_ERROR;
				CLANG_WARN_DOCUMENTATION_COMMENTS = YES;
				CLANG_WARN_EMPTY_BODY = YES;
				CLANG_WARN_ENUM_CONVERSION = YES;
				CLANG_WARN_INFINITE_RECURSION = YES;
				CLANG_WARN_INT_CONVERSION = YES;
				CLANG_WARN_NON_LITERAL_NULL_CONVERSION = YES;
				CLANG_WARN_OBJC_LITERAL_CONVERSION = YES;
				CLANG_WARN_OBJC_ROOT_CLASS = YES_ERROR;
				CLANG_WARN_RANGE_LOOP_ANALYSIS = YES;
				CLANG_WARN_STRICT_PROTOTYPES = YES;
				CLANG_WARN_SUSPICIOUS_MOVE = YES;
				CLANG_WARN_UNGUARDED_AVAILABILITY = YES_AGGRESSIVE;
				CLANG_WARN_UNREACHABLE_CODE = YES;
				CLANG_WARN__DUPLICATE_METHOD_MATCH = YES;
				CODE_SIGN_IDENTITY = "iPhone Developer";
				COPY_PHASE_STRIP = NO;
				DEBUG_INFORMATION_FORMAT = dwarf;
				ENABLE_STRICT_OBJC_MSGSEND = YES;
				ENABLE_TESTABILITY = YES;
				GCC_C_LANGUAGE_STANDARD = gnu11;
				GCC_DYNAMIC_NO_PIC = NO;
				GCC_NO_COMMON_BLOCKS = YES;
				GCC_OPTIMIZATION_LEVEL = 0;
				GCC_PREPROCESSOR_DEFINITIONS = (
					"DEBUG=1",
					"$(inherited)",
				);
				GCC_WARN_64_TO_32_BIT_CONVERSION = YES;
				GCC_WARN_ABOUT_RETURN_TYPE = YES_ERROR;
				GCC_WARN_UNDECLARED_SELECTOR = YES;
				GCC_WARN_UNINITIALIZED_AUTOS = YES_AGGRESSIVE;
				GCC_WARN_UNUSED_FUNCTION = YES;
				GCC_WARN_UNUSED_VARIABLE = YES;
				IPHONEOS_DEPLOYMENT_TARGET = 11.2;
				MTL_ENABLE_DEBUG_INFO = YES;
				ONLY_ACTIVE_ARCH = YES;
				SDKROOT = iphoneos;
			};
			name = Debug;
		};
		BE5B989A20A2F41B00E61A79 /* Release */ = {
			isa = XCBuildConfiguration;
			buildSettings = {
				ALWAYS_SEARCH_USER_PATHS = NO;
				CLANG_ANALYZER_NONNULL = YES;
				CLANG_ANALYZER_NUMBER_OBJECT_CONVERSION = YES_AGGRESSIVE;
				CLANG_CXX_LANGUAGE_STANDARD = "gnu++14";
				CLANG_CXX_LIBRARY = "libc++";
				CLANG_ENABLE_MODULES = YES;
				CLANG_ENABLE_OBJC_ARC = YES;
				CLANG_WARN_BLOCK_CAPTURE_AUTORELEASING = YES;
				CLANG_WARN_BOOL_CONVERSION = YES;
				CLANG_WARN_COMMA = YES;
				CLANG_WARN_CONSTANT_CONVERSION = YES;
				CLANG_WARN_DIRECT_OBJC_ISA_USAGE = YES_ERROR;
				CLANG_WARN_DOCUMENTATION_COMMENTS = YES;
				CLANG_WARN_EMPTY_BODY = YES;
				CLANG_WARN_ENUM_CONVERSION = YES;
				CLANG_WARN_INFINITE_RECURSION = YES;
				CLANG_WARN_INT_CONVERSION = YES;
				CLANG_WARN_NON_LITERAL_NULL_CONVERSION = YES;
				CLANG_WARN_OBJC_LITERAL_CONVERSION = YES;
				CLANG_WARN_OBJC_ROOT_CLASS = YES_ERROR;
				CLANG_WARN_RANGE_LOOP_ANALYSIS = YES;
				CLANG_WARN_STRICT_PROTOTYPES = YES;
				CLANG_WARN_SUSPICIOUS_MOVE = YES;
				CLANG_WARN_UNGUARDED_AVAILABILITY = YES_AGGRESSIVE;
				CLANG_WARN_UNREACHABLE_CODE = YES;
				CLANG_WARN__DUPLICATE_METHOD_MATCH = YES;
				CODE_SIGN_IDENTITY = "iPhone Developer";
				COPY_PHASE_STRIP = NO;
				DEBUG_INFORMATION_FORMAT = "dwarf-with-dsym";
				ENABLE_NS_ASSERTIONS = NO;
				ENABLE_STRICT_OBJC_MSGSEND = YES;
				GCC_C_LANGUAGE_STANDARD = gnu11;
				GCC_NO_COMMON_BLOCKS = YES;
				GCC_WARN_64_TO_32_BIT_CONVERSION = YES;
				GCC_WARN_ABOUT_RETURN_TYPE = YES_ERROR;
				GCC_WARN_UNDECLARED_SELECTOR = YES;
				GCC_WARN_UNINITIALIZED_AUTOS = YES_AGGRESSIVE;
				GCC_WARN_UNUSED_FUNCTION = YES;
				GCC_WARN_UNUSED_VARIABLE = YES;
				IPHONEOS_DEPLOYMENT_TARGET = 11.2;
				MTL_ENABLE_DEBUG_INFO = NO;
				SDKROOT = iphoneos;
				VALIDATE_PRODUCT = YES;
			};
			name = Release;
		};
		BE5B989C20A2F41B00E61A79 /* Debug */ = {
			isa = XCBuildConfiguration;
			buildSettings = {
				ASSETCATALOG_COMPILER_APPICON_NAME = AppIcon;
				CLANG_ENABLE_MODULES = YES;
				CODE_SIGN_STYLE = Automatic;
				DEVELOPMENT_TEAM = V273NW4VAJ;
				INFOPLIST_FILE = CircularTimer/Info.plist;
				IPHONEOS_DEPLOYMENT_TARGET = 9.0;
				LD_RUNPATH_SEARCH_PATHS = "$(inherited) @executable_path/Frameworks";
				PRODUCT_BUNDLE_IDENTIFIER = com.reezo.imageslider.CircularTimer;
				PRODUCT_NAME = "$(TARGET_NAME)";
				SWIFT_OBJC_BRIDGING_HEADER = "CircularTimer/AnimationView/CircularTimer-Bridging-Header.h";
				SWIFT_OPTIMIZATION_LEVEL = "-Onone";
				SWIFT_VERSION = 3.0;
				TARGETED_DEVICE_FAMILY = "1,2";
			};
			name = Debug;
		};
		BE5B989D20A2F41B00E61A79 /* Release */ = {
			isa = XCBuildConfiguration;
			buildSettings = {
				ASSETCATALOG_COMPILER_APPICON_NAME = AppIcon;
				CLANG_ENABLE_MODULES = YES;
				CODE_SIGN_STYLE = Automatic;
				DEVELOPMENT_TEAM = V273NW4VAJ;
				INFOPLIST_FILE = CircularTimer/Info.plist;
				IPHONEOS_DEPLOYMENT_TARGET = 9.0;
				LD_RUNPATH_SEARCH_PATHS = "$(inherited) @executable_path/Frameworks";
				PRODUCT_BUNDLE_IDENTIFIER = com.reezo.imageslider.CircularTimer;
				PRODUCT_NAME = "$(TARGET_NAME)";
				SWIFT_OBJC_BRIDGING_HEADER = "CircularTimer/AnimationView/CircularTimer-Bridging-Header.h";
				SWIFT_VERSION = 3.0;
				TARGETED_DEVICE_FAMILY = "1,2";
			};
			name = Release;
		};
		BE5B989F20A2F41B00E61A79 /* Debug */ = {
			isa = XCBuildConfiguration;
			buildSettings = {
				ALWAYS_EMBED_SWIFT_STANDARD_LIBRARIES = YES;
				BUNDLE_LOADER = "$(TEST_HOST)";
				CODE_SIGN_STYLE = Automatic;
				DEVELOPMENT_TEAM = V273NW4VAJ;
				INFOPLIST_FILE = CircularTimerTests/Info.plist;
				LD_RUNPATH_SEARCH_PATHS = "$(inherited) @executable_path/Frameworks @loader_path/Frameworks";
				PRODUCT_BUNDLE_IDENTIFIER = com.reezo.imageslider.CircularTimerTests;
				PRODUCT_NAME = "$(TARGET_NAME)";
				TARGETED_DEVICE_FAMILY = "1,2";
				TEST_HOST = "$(BUILT_PRODUCTS_DIR)/CircularTimer.app/CircularTimer";
			};
			name = Debug;
		};
		BE5B98A020A2F41B00E61A79 /* Release */ = {
			isa = XCBuildConfiguration;
			buildSettings = {
				ALWAYS_EMBED_SWIFT_STANDARD_LIBRARIES = YES;
				BUNDLE_LOADER = "$(TEST_HOST)";
				CODE_SIGN_STYLE = Automatic;
				DEVELOPMENT_TEAM = V273NW4VAJ;
				INFOPLIST_FILE = CircularTimerTests/Info.plist;
				LD_RUNPATH_SEARCH_PATHS = "$(inherited) @executable_path/Frameworks @loader_path/Frameworks";
				PRODUCT_BUNDLE_IDENTIFIER = com.reezo.imageslider.CircularTimerTests;
				PRODUCT_NAME = "$(TARGET_NAME)";
				TARGETED_DEVICE_FAMILY = "1,2";
				TEST_HOST = "$(BUILT_PRODUCTS_DIR)/CircularTimer.app/CircularTimer";
			};
			name = Release;
		};
		BE5B98A220A2F41B00E61A79 /* Debug */ = {
			isa = XCBuildConfiguration;
			buildSettings = {
				ALWAYS_EMBED_SWIFT_STANDARD_LIBRARIES = YES;
				CODE_SIGN_STYLE = Automatic;
				DEVELOPMENT_TEAM = V273NW4VAJ;
				INFOPLIST_FILE = CircularTimerUITests/Info.plist;
				LD_RUNPATH_SEARCH_PATHS = "$(inherited) @executable_path/Frameworks @loader_path/Frameworks";
				PRODUCT_BUNDLE_IDENTIFIER = com.reezo.imageslider.CircularTimerUITests;
				PRODUCT_NAME = "$(TARGET_NAME)";
				TARGETED_DEVICE_FAMILY = "1,2";
				TEST_TARGET_NAME = CircularTimer;
			};
			name = Debug;
		};
		BE5B98A320A2F41B00E61A79 /* Release */ = {
			isa = XCBuildConfiguration;
			buildSettings = {
				ALWAYS_EMBED_SWIFT_STANDARD_LIBRARIES = YES;
				CODE_SIGN_STYLE = Automatic;
				DEVELOPMENT_TEAM = V273NW4VAJ;
				INFOPLIST_FILE = CircularTimerUITests/Info.plist;
				LD_RUNPATH_SEARCH_PATHS = "$(inherited) @executable_path/Frameworks @loader_path/Frameworks";
				PRODUCT_BUNDLE_IDENTIFIER = com.reezo.imageslider.CircularTimerUITests;
				PRODUCT_NAME = "$(TARGET_NAME)";
				TARGETED_DEVICE_FAMILY = "1,2";
				TEST_TARGET_NAME = CircularTimer;
			};
			name = Release;
		};
/* End XCBuildConfiguration section */

/* Begin XCConfigurationList section */
		BE5B986A20A2F41B00E61A79 /* Build configuration list for PBXProject "CircularTimer" */ = {
			isa = XCConfigurationList;
			buildConfigurations = (
				BE5B989920A2F41B00E61A79 /* Debug */,
				BE5B989A20A2F41B00E61A79 /* Release */,
			);
			defaultConfigurationIsVisible = 0;
			defaultConfigurationName = Release;
		};
		BE5B989B20A2F41B00E61A79 /* Build configuration list for PBXNativeTarget "CircularTimer" */ = {
			isa = XCConfigurationList;
			buildConfigurations = (
				BE5B989C20A2F41B00E61A79 /* Debug */,
				BE5B989D20A2F41B00E61A79 /* Release */,
			);
			defaultConfigurationIsVisible = 0;
			defaultConfigurationName = Release;
		};
		BE5B989E20A2F41B00E61A79 /* Build configuration list for PBXNativeTarget "CircularTimerTests" */ = {
			isa = XCConfigurationList;
			buildConfigurations = (
				BE5B989F20A2F41B00E61A79 /* Debug */,
				BE5B98A020A2F41B00E61A79 /* Release */,
			);
			defaultConfigurationIsVisible = 0;
			defaultConfigurationName = Release;
		};
		BE5B98A120A2F41B00E61A79 /* Build configuration list for PBXNativeTarget "CircularTimerUITests" */ = {
			isa = XCConfigurationList;
			buildConfigurations = (
				BE5B98A220A2F41B00E61A79 /* Debug */,
				BE5B98A320A2F41B00E61A79 /* Release */,
			);
			defaultConfigurationIsVisible = 0;
			defaultConfigurationName = Release;
		};
/* End XCConfigurationList section */
	};
	rootObject = BE5B986720A2F41B00E61A79 /* Project object */;
}
